Microsoft Visual Studio Solution File, Format Version 11.00
# Visual Studio 2008

Project("{74E8E257-8FA3-5A8C-5102-974DAC01B4A4}") = "Love Get Android", "Assembly-CSharp-firstpass.csproj", "{4FAB8093-930D-D813-0AB6-2943EEEF7EC5}"
EndProject
Project("{74E8E257-8FA3-5A8C-5102-974DAC01B4A4}") = "Love Get Android", "Assembly-CSharp.csproj", "{CCB1AF7A-2582-014E-1BD9-066204FD4833}"
EndProject
Global
	GlobalSection(SolutionConfigurationPlatforms) = preSolution
		Debug|Any CPU = Debug|Any CPU
		Release|Any CPU = Release|Any CPU
	EndGlobalSection
	GlobalSection(ProjectConfigurationPlatforms) = postSolution
		{4FAB8093-930D-D813-0AB6-2943EEEF7EC5}.Debug|Any CPU.ActiveCfg = Debug|Any CPU
		{4FAB8093-930D-D813-0AB6-2943EEEF7EC5}.Debug|Any CPU.Build.0 = Debug|Any CPU
		{4FAB8093-930D-D813-0AB6-2943EEEF7EC5}.Release|Any CPU.ActiveCfg = Release|Any CPU
		{4FAB8093-930D-D813-0AB6-2943EEEF7EC5}.Release|Any CPU.Build.0 = Release|Any CPU
		{CCB1AF7A-2582-014E-1BD9-066204FD4833}.Debug|Any CPU.ActiveCfg = Debug|Any CPU
		{CCB1AF7A-2582-014E-1BD9-066204FD4833}.Debug|Any CPU.Build.0 = Debug|Any CPU
		{CCB1AF7A-2582-014E-1BD9-066204FD4833}.Release|Any CPU.ActiveCfg = Release|Any CPU
		{CCB1AF7A-2582-014E-1BD9-066204FD4833}.Release|Any CPU.Build.0 = Release|Any CPU
	EndGlobalSection
	GlobalSection(SolutionProperties) = preSolution
		HideSolutionNode = FALSE
	EndGlobalSection
	GlobalSection(MonoDevelopProperties) = preSolution
		StartupItem = Assembly-CSharp.csproj
	EndGlobalSection
EndGlobal
